
Microsoft Visual Studio Solution File, Format Version 12.00
# Visual Studio Version 17
VisualStudioVersion = 17.7.34302.85
MinimumVisualStudioVersion = 10.0.40219.1
Project("{2150E333-8FDC-42A3-9474-1A3956D46DE8}") = "3.Sqs", "3.Sqs", "{AE28BEE1-B578-439A-B596-D991B9851F5A}"
EndProject
Project("{2150E333-8FDC-42A3-9474-1A3956D46DE8}") = "4.Sns", "4.Sns", "{BA648C25-CB9E-4FAA-AF91-86A37CCEA382}"
EndProject
Project("{2150E333-8FDC-42A3-9474-1A3956D46DE8}") = "5.DynamoDb", "5.DynamoDb", "{2C17779A-FD5B-4980-BEB0-4A19912178B7}"
EndProject
Project("{2150E333-8FDC-42A3-9474-1A3956D46DE8}") = "6.S3", "6.S3", "{6CC73189-9356-4EE7-B061-73D9395C30AC}"
EndProject
Project("{2150E333-8FDC-42A3-9474-1A3956D46DE8}") = "7.SecretsManager", "7.SecretsManager", "{8D27D9CA-8D14-4CD6-9827-A0837CFB03C3}"
EndProject
Project("{2150E333-8FDC-42A3-9474-1A3956D46DE8}") = "8.Lambda", "8.Lambda", "{DC84F474-F046-44B8-8D2E-BCE6A285FDF5}"
EndProject
Project("{9A19103F-16F7-4668-BE54-9A1E7A4F7556}") = "SqsPublisher", "3.Sqs\SqsPublisher\SqsPublisher.csproj", "{E15F3B18-A330-4BA1-A88E-73AC95B83E80}"
EndProject
Project("{9A19103F-16F7-4668-BE54-9A1E7A4F7556}") = "SqsConsumer", "3.Sqs\SqsConsumer\SqsConsumer.csproj", "{4C9A6F9D-D943-4ADF-BA28-7A9A1E327A81}"
EndProject
Project("{9A19103F-16F7-4668-BE54-9A1E7A4F7556}") = "Customers.Api", "3.Sqs\Customers.Api\Customers.Api.csproj", "{58B37399-C2C0-4F6C-A06F-DEB8F78AA0D1}"
EndProject
Project("{9A19103F-16F7-4668-BE54-9A1E7A4F7556}") = "Customers.Consumer", "3.Sqs\Customers.Consumer\Customers.Consumer.csproj", "{358DFABE-91A7-47BC-AD63-C933BA6EAAD1}"
EndProject
Project("{9A19103F-16F7-4668-BE54-9A1E7A4F7556}") = "SnsPublisher", "4.Sns\SnsPublisher\SnsPublisher.csproj", "{47F6BFA0-49D8-47FA-BB51-FFE6BA6205D2}"
EndProject
Project("{9A19103F-16F7-4668-BE54-9A1E7A4F7556}") = "Customers.Consumer", "4.Sns\Customers.Consumer\Customers.Consumer.csproj", "{2800C740-9D4E-45B1-BC51-D8F0531CD3AB}"
EndProject
Project("{9A19103F-16F7-4668-BE54-9A1E7A4F7556}") = "SqsConsumer", "4.Sns\SqsConsumer\SqsConsumer.csproj", "{DF0469E2-EB5B-471E-A16F-22E23690CBA0}"
EndProject
Project("{9A19103F-16F7-4668-BE54-9A1E7A4F7556}") = "Customers.Api", "4.Sns\Customers.Api\Customers.Api.csproj", "{E2B3A62C-CA78-443E-B254-9EEEC17C6EE6}"
EndProject
Project("{9A19103F-16F7-4668-BE54-9A1E7A4F7556}") = "Movies.App", "5.DynamoDb\Movies.App\Movies.App.csproj", "{C5C09834-23A3-4A2A-95DE-27EE59600949}"
EndProject
Project("{9A19103F-16F7-4668-BE54-9A1E7A4F7556}") = "Customers.Api", "5.DynamoDb\Customers.Api\Customers.Api.csproj", "{418D334E-5F8E-45A7-8AA9-2878289C978C}"
EndProject
Project("{9A19103F-16F7-4668-BE54-9A1E7A4F7556}") = "Movies.Api", "5.DynamoDb\Movies.Api\Movies.Api.csproj", "{D93B3CF0-F1A8-4692-9F2C-40552751B601}"
EndProject
Project("{9A19103F-16F7-4668-BE54-9A1E7A4F7556}") = "Customers.Api", "6.S3\Customers.Api\Customers.Api.csproj", "{C2247EEB-EC0E-461C-97D9-01CE68DA93DB}"
EndProject
Project("{9A19103F-16F7-4668-BE54-9A1E7A4F7556}") = "S3Playground", "6.S3\S3Playground\S3Playground.csproj", "{227229A4-88E5-4B35-B6B6-25C3F2815CC6}"
EndProject
Project("{9A19103F-16F7-4668-BE54-9A1E7A4F7556}") = "SecretsManager.App", "7.SecretsManager\SecretsManager.App\SecretsManager.App.csproj", "{76ACA4ED-4CCE-4D62-B80F-F0C2DB374B0B}"
EndProject
Project("{9A19103F-16F7-4668-BE54-9A1E7A4F7556}") = "Weather.Api", "7.SecretsManager\Weather.Api\Weather.Api.csproj", "{2C65039E-6D72-4E5C-8526-E9689C5C950A}"
EndProject
Project("{9A19103F-16F7-4668-BE54-9A1E7A4F7556}") = "SimpleApiLambda", "8.Lambda\SimpleApiLambda\SimpleApiLambda.csproj", "{766E8945-F01A-4B32-A2D3-7C0256075ACB}"
EndProject
Project("{9A19103F-16F7-4668-BE54-9A1E7A4F7556}") = "SimpleCustomLambda", "8.Lambda\SimpleCustomLambda\SimpleCustomLambda.csproj", "{5D7C6BF7-7BDD-40D9-9D7A-4A4E0D8660A5}"
EndProject
Project("{9A19103F-16F7-4668-BE54-9A1E7A4F7556}") = "SimpleDynamoDbLambda", "8.Lambda\SimpleDynamoDbLambda\SimpleDynamoDbLambda.csproj", "{955AFD4E-BD5A-4ED4-BD21-579AFC781F5B}"
EndProject
Project("{9A19103F-16F7-4668-BE54-9A1E7A4F7556}") = "SimpleHttpLambda", "8.Lambda\SimpleHttpLambda\SimpleHttpLambda.csproj", "{A44AB468-37AF-4CBB-A2FE-5972C5D1F2AD}"
EndProject
Project("{9A19103F-16F7-4668-BE54-9A1E7A4F7556}") = "SimpleLambda", "8.Lambda\SimpleLambda\SimpleLambda.csproj", "{BAC79F99-1F0F-4B13-B517-21EF5F82FE21}"
EndProject
Project("{9A19103F-16F7-4668-BE54-9A1E7A4F7556}") = "SimpleS3Lambda", "8.Lambda\SimpleS3Lambda\SimpleS3Lambda.csproj", "{75F853D8-A92A-4F7F-82EB-6025C89836AF}"
EndProject
Project("{9A19103F-16F7-4668-BE54-9A1E7A4F7556}") = "SimpleSnsLambda", "8.Lambda\SimpleSnsLambda\SimpleSnsLambda.csproj", "{1B79DA89-E154-4460-B2D5-613CD1EC7E25}"
EndProject
Project("{9A19103F-16F7-4668-BE54-9A1E7A4F7556}") = "SimpleSqsLambda", "8.Lambda\SimpleSqsLambda\SimpleSqsLambda.csproj", "{0DFBC0C0-4CC9-4BC8-B43C-138003B171D0}"
EndProject
Global
	GlobalSection(SolutionConfigurationPlatforms) = preSolution
		Debug|Any CPU = Debug|Any CPU
		Release|Any CPU = Release|Any CPU
	EndGlobalSection
	GlobalSection(ProjectConfigurationPlatforms) = postSolution
		{E15F3B18-A330-4BA1-A88E-73AC95B83E80}.Debug|Any CPU.ActiveCfg = Debug|Any CPU
		{E15F3B18-A330-4BA1-A88E-73AC95B83E80}.Debug|Any CPU.Build.0 = Debug|Any CPU
		{E15F3B18-A330-4BA1-A88E-73AC95B83E80}.Release|Any CPU.ActiveCfg = Release|Any CPU
		{E15F3B18-A330-4BA1-A88E-73AC95B83E80}.Release|Any CPU.Build.0 = Release|Any CPU
		{4C9A6F9D-D943-4ADF-BA28-7A9A1E327A81}.Debug|Any CPU.ActiveCfg = Debug|Any CPU
		{4C9A6F9D-D943-4ADF-BA28-7A9A1E327A81}.Debug|Any CPU.Build.0 = Debug|Any CPU
		{4C9A6F9D-D943-4ADF-BA28-7A9A1E327A81}.Release|Any CPU.ActiveCfg = Release|Any CPU
		{4C9A6F9D-D943-4ADF-BA28-7A9A1E327A81}.Release|Any CPU.Build.0 = Release|Any CPU
		{58B37399-C2C0-4F6C-A06F-DEB8F78AA0D1}.Debug|Any CPU.ActiveCfg = Debug|Any CPU
		{58B37399-C2C0-4F6C-A06F-DEB8F78AA0D1}.Debug|Any CPU.Build.0 = Debug|Any CPU
		{58B37399-C2C0-4F6C-A06F-DEB8F78AA0D1}.Release|Any CPU.ActiveCfg = Release|Any CPU
		{58B37399-C2C0-4F6C-A06F-DEB8F78AA0D1}.Release|Any CPU.Build.0 = Release|Any CPU
		{358DFABE-91A7-47BC-AD63-C933BA6EAAD1}.Debug|Any CPU.ActiveCfg = Debug|Any CPU
		{358DFABE-91A7-47BC-AD63-C933BA6EAAD1}.Debug|Any CPU.Build.0 = Debug|Any CPU
		{358DFABE-91A7-47BC-AD63-C933BA6EAAD1}.Release|Any CPU.ActiveCfg = Release|Any CPU
		{358DFABE-91A7-47BC-AD63-C933BA6EAAD1}.Release|Any CPU.Build.0 = Release|Any CPU
		{47F6BFA0-49D8-47FA-BB51-FFE6BA6205D2}.Debug|Any CPU.ActiveCfg = Debug|Any CPU
		{47F6BFA0-49D8-47FA-BB51-FFE6BA6205D2}.Debug|Any CPU.Build.0 = Debug|Any CPU
		{47F6BFA0-49D8-47FA-BB51-FFE6BA6205D2}.Release|Any CPU.ActiveCfg = Release|Any CPU
		{47F6BFA0-49D8-47FA-BB51-FFE6BA6205D2}.Release|Any CPU.Build.0 = Release|Any CPU
		{2800C740-9D4E-45B1-BC51-D8F0531CD3AB}.Debug|Any CPU.ActiveCfg = Debug|Any CPU
		{2800C740-9D4E-45B1-BC51-D8F0531CD3AB}.Debug|Any CPU.Build.0 = Debug|Any CPU
		{2800C740-9D4E-45B1-BC51-D8F0531CD3AB}.Release|Any CPU.ActiveCfg = Release|Any CPU
		{2800C740-9D4E-45B1-BC51-D8F0531CD3AB}.Release|Any CPU.Build.0 = Release|Any CPU
		{DF0469E2-EB5B-471E-A16F-22E23690CBA0}.Debug|Any CPU.ActiveCfg = Debug|Any CPU
		{DF0469E2-EB5B-471E-A16F-22E23690CBA0}.Debug|Any CPU.Build.0 = Debug|Any CPU
		{DF0469E2-EB5B-471E-A16F-22E23690CBA0}.Release|Any CPU.ActiveCfg = Release|Any CPU
		{DF0469E2-EB5B-471E-A16F-22E23690CBA0}.Release|Any CPU.Build.0 = Release|Any CPU
		{E2B3A62C-CA78-443E-B254-9EEEC17C6EE6}.Debug|Any CPU.ActiveCfg = Debug|Any CPU
		{E2B3A62C-CA78-443E-B254-9EEEC17C6EE6}.Debug|Any CPU.Build.0 = Debug|Any CPU
		{E2B3A62C-CA78-443E-B254-9EEEC17C6EE6}.Release|Any CPU.ActiveCfg = Release|Any CPU
		{E2B3A62C-CA78-443E-B254-9EEEC17C6EE6}.Release|Any CPU.Build.0 = Release|Any CPU
		{C5C09834-23A3-4A2A-95DE-27EE59600949}.Debug|Any CPU.ActiveCfg = Debug|Any CPU
		{C5C09834-23A3-4A2A-95DE-27EE59600949}.Debug|Any CPU.Build.0 = Debug|Any CPU
		{C5C09834-23A3-4A2A-95DE-27EE59600949}.Release|Any CPU.ActiveCfg = Release|Any CPU
		{C5C09834-23A3-4A2A-95DE-27EE59600949}.Release|Any CPU.Build.0 = Release|Any CPU
		{418D334E-5F8E-45A7-8AA9-2878289C978C}.Debug|Any CPU.ActiveCfg = Debug|Any CPU
		{418D334E-5F8E-45A7-8AA9-2878289C978C}.Debug|Any CPU.Build.0 = Debug|Any CPU
		{418D334E-5F8E-45A7-8AA9-2878289C978C}.Release|Any CPU.ActiveCfg = Release|Any CPU
		{418D334E-5F8E-45A7-8AA9-2878289C978C}.Release|Any CPU.Build.0 = Release|Any CPU
		{D93B3CF0-F1A8-4692-9F2C-40552751B601}.Debug|Any CPU.ActiveCfg = Debug|Any CPU
		{D93B3CF0-F1A8-4692-9F2C-40552751B601}.Debug|Any CPU.Build.0 = Debug|Any CPU
		{D93B3CF0-F1A8-4692-9F2C-40552751B601}.Release|Any CPU.ActiveCfg = Release|Any CPU
		{D93B3CF0-F1A8-4692-9F2C-40552751B601}.Release|Any CPU.Build.0 = Release|Any CPU
		{C2247EEB-EC0E-461C-97D9-01CE68DA93DB}.Debug|Any CPU.ActiveCfg = Debug|Any CPU
		{C2247EEB-EC0E-461C-97D9-01CE68DA93DB}.Debug|Any CPU.Build.0 = Debug|Any CPU
		{C2247EEB-EC0E-461C-97D9-01CE68DA93DB}.Release|Any CPU.ActiveCfg = Release|Any CPU
		{C2247EEB-EC0E-461C-97D9-01CE68DA93DB}.Release|Any CPU.Build.0 = Release|Any CPU
		{227229A4-88E5-4B35-B6B6-25C3F2815CC6}.Debug|Any CPU.ActiveCfg = Debug|Any CPU
		{227229A4-88E5-4B35-B6B6-25C3F2815CC6}.Debug|Any CPU.Build.0 = Debug|Any CPU
		{227229A4-88E5-4B35-B6B6-25C3F2815CC6}.Release|Any CPU.ActiveCfg = Release|Any CPU
		{227229A4-88E5-4B35-B6B6-25C3F2815CC6}.Release|Any CPU.Build.0 = Release|Any CPU
		{76ACA4ED-4CCE-4D62-B80F-F0C2DB374B0B}.Debug|Any CPU.ActiveCfg = Debug|Any CPU
		{76ACA4ED-4CCE-4D62-B80F-F0C2DB374B0B}.Debug|Any CPU.Build.0 = Debug|Any CPU
		{76ACA4ED-4CCE-4D62-B80F-F0C2DB374B0B}.Release|Any CPU.ActiveCfg = Release|Any CPU
		{76ACA4ED-4CCE-4D62-B80F-F0C2DB374B0B}.Release|Any CPU.Build.0 = Release|Any CPU
		{2C65039E-6D72-4E5C-8526-E9689C5C950A}.Debug|Any CPU.ActiveCfg = Debug|Any CPU
		{2C65039E-6D72-4E5C-8526-E9689C5C950A}.Debug|Any CPU.Build.0 = Debug|Any CPU
		{2C65039E-6D72-4E5C-8526-E9689C5C950A}.Release|Any CPU.ActiveCfg = Release|Any CPU
		{2C65039E-6D72-4E5C-8526-E9689C5C950A}.Release|Any CPU.Build.0 = Release|Any CPU
		{766E8945-F01A-4B32-A2D3-7C0256075ACB}.Debug|Any CPU.ActiveCfg = Debug|Any CPU
		{766E8945-F01A-4B32-A2D3-7C0256075ACB}.Debug|Any CPU.Build.0 = Debug|Any CPU
		{766E8945-F01A-4B32-A2D3-7C0256075ACB}.Release|Any CPU.ActiveCfg = Release|Any CPU
		{766E8945-F01A-4B32-A2D3-7C0256075ACB}.Release|Any CPU.Build.0 = Release|Any CPU
		{5D7C6BF7-7BDD-40D9-9D7A-4A4E0D8660A5}.Debug|Any CPU.ActiveCfg = Debug|Any CPU
		{5D7C6BF7-7BDD-40D9-9D7A-4A4E0D8660A5}.Debug|Any CPU.Build.0 = Debug|Any CPU
		{5D7C6BF7-7BDD-40D9-9D7A-4A4E0D8660A5}.Release|Any CPU.ActiveCfg = Release|Any CPU
		{5D7C6BF7-7BDD-40D9-9D7A-4A4E0D8660A5}.Release|Any CPU.Build.0 = Release|Any CPU
		{955AFD4E-BD5A-4ED4-BD21-579AFC781F5B}.Debug|Any CPU.ActiveCfg = Debug|Any CPU
		{955AFD4E-BD5A-4ED4-BD21-579AFC781F5B}.Debug|Any CPU.Build.0 = Debug|Any CPU
		{955AFD4E-BD5A-4ED4-BD21-579AFC781F5B}.Release|Any CPU.ActiveCfg = Release|Any CPU
		{955AFD4E-BD5A-4ED4-BD21-579AFC781F5B}.Release|Any CPU.Build.0 = Release|Any CPU
		{A44AB468-37AF-4CBB-A2FE-5972C5D1F2AD}.Debug|Any CPU.ActiveCfg = Debug|Any CPU
		{A44AB468-37AF-4CBB-A2FE-5972C5D1F2AD}.Debug|Any CPU.Build.0 = Debug|Any CPU
		{A44AB468-37AF-4CBB-A2FE-5972C5D1F2AD}.Release|Any CPU.ActiveCfg = Release|Any CPU
		{A44AB468-37AF-4CBB-A2FE-5972C5D1F2AD}.Release|Any CPU.Build.0 = Release|Any CPU
		{BAC79F99-1F0F-4B13-B517-21EF5F82FE21}.Debug|Any CPU.ActiveCfg = Debug|Any CPU
		{BAC79F99-1F0F-4B13-B517-21EF5F82FE21}.Debug|Any CPU.Build.0 = Debug|Any CPU
		{BAC79F99-1F0F-4B13-B517-21EF5F82FE21}.Release|Any CPU.ActiveCfg = Release|Any CPU
		{BAC79F99-1F0F-4B13-B517-21EF5F82FE21}.Release|Any CPU.Build.0 = Release|Any CPU
		{75F853D8-A92A-4F7F-82EB-6025C89836AF}.Debug|Any CPU.ActiveCfg = Debug|Any CPU
		{75F853D8-A92A-4F7F-82EB-6025C89836AF}.Debug|Any CPU.Build.0 = Debug|Any CPU
		{75F853D8-A92A-4F7F-82EB-6025C89836AF}.Release|Any CPU.ActiveCfg = Release|Any CPU
		{75F853D8-A92A-4F7F-82EB-6025C89836AF}.Release|Any CPU.Build.0 = Release|Any CPU
		{1B79DA89-E154-4460-B2D5-613CD1EC7E25}.Debug|Any CPU.ActiveCfg = Debug|Any CPU
		{1B79DA89-E154-4460-B2D5-613CD1EC7E25}.Debug|Any CPU.Build.0 = Debug|Any CPU
		{1B79DA89-E154-4460-B2D5-613CD1EC7E25}.Release|Any CPU.ActiveCfg = Release|Any CPU
		{1B79DA89-E154-4460-B2D5-613CD1EC7E25}.Release|Any CPU.Build.0 = Release|Any CPU
		{0DFBC0C0-4CC9-4BC8-B43C-138003B171D0}.Debug|Any CPU.ActiveCfg = Debug|Any CPU
		{0DFBC0C0-4CC9-4BC8-B43C-138003B171D0}.Debug|Any CPU.Build.0 = Debug|Any CPU
		{0DFBC0C0-4CC9-4BC8-B43C-138003B171D0}.Release|Any CPU.ActiveCfg = Release|Any CPU
		{0DFBC0C0-4CC9-4BC8-B43C-138003B171D0}.Release|Any CPU.Build.0 = Release|Any CPU
	EndGlobalSection
	GlobalSection(SolutionProperties) = preSolution
		HideSolutionNode = FALSE
	EndGlobalSection
	GlobalSection(NestedProjects) = preSolution
		{E15F3B18-A330-4BA1-A88E-73AC95B83E80} = {AE28BEE1-B578-439A-B596-D991B9851F5A}
		{4C9A6F9D-D943-4ADF-BA28-7A9A1E327A81} = {AE28BEE1-B578-439A-B596-D991B9851F5A}
		{58B37399-C2C0-4F6C-A06F-DEB8F78AA0D1} = {AE28BEE1-B578-439A-B596-D991B9851F5A}
		{358DFABE-91A7-47BC-AD63-C933BA6EAAD1} = {AE28BEE1-B578-439A-B596-D991B9851F5A}
		{47F6BFA0-49D8-47FA-BB51-FFE6BA6205D2} = {BA648C25-CB9E-4FAA-AF91-86A37CCEA382}
		{2800C740-9D4E-45B1-BC51-D8F0531CD3AB} = {BA648C25-CB9E-4FAA-AF91-86A37CCEA382}
		{DF0469E2-EB5B-471E-A16F-22E23690CBA0} = {BA648C25-CB9E-4FAA-AF91-86A37CCEA382}
		{E2B3A62C-CA78-443E-B254-9EEEC17C6EE6} = {BA648C25-CB9E-4FAA-AF91-86A37CCEA382}
		{C5C09834-23A3-4A2A-95DE-27EE59600949} = {2C17779A-FD5B-4980-BEB0-4A19912178B7}
		{418D334E-5F8E-45A7-8AA9-2878289C978C} = {2C17779A-FD5B-4980-BEB0-4A19912178B7}
		{D93B3CF0-F1A8-4692-9F2C-40552751B601} = {2C17779A-FD5B-4980-BEB0-4A19912178B7}
		{C2247EEB-EC0E-461C-97D9-01CE68DA93DB} = {6CC73189-9356-4EE7-B061-73D9395C30AC}
		{227229A4-88E5-4B35-B6B6-25C3F2815CC6} = {6CC73189-9356-4EE7-B061-73D9395C30AC}
		{76ACA4ED-4CCE-4D62-B80F-F0C2DB374B0B} = {8D27D9CA-8D14-4CD6-9827-A0837CFB03C3}
		{2C65039E-6D72-4E5C-8526-E9689C5C950A} = {8D27D9CA-8D14-4CD6-9827-A0837CFB03C3}
		{766E8945-F01A-4B32-A2D3-7C0256075ACB} = {DC84F474-F046-44B8-8D2E-BCE6A285FDF5}
		{5D7C6BF7-7BDD-40D9-9D7A-4A4E0D8660A5} = {DC84F474-F046-44B8-8D2E-BCE6A285FDF5}
		{955AFD4E-BD5A-4ED4-BD21-579AFC781F5B} = {DC84F474-F046-44B8-8D2E-BCE6A285FDF5}
		{A44AB468-37AF-4CBB-A2FE-5972C5D1F2AD} = {DC84F474-F046-44B8-8D2E-BCE6A285FDF5}
		{BAC79F99-1F0F-4B13-B517-21EF5F82FE21} = {DC84F474-F046-44B8-8D2E-BCE6A285FDF5}
		{75F853D8-A92A-4F7F-82EB-6025C89836AF} = {DC84F474-F046-44B8-8D2E-BCE6A285FDF5}
		{1B79DA89-E154-4460-B2D5-613CD1EC7E25} = {DC84F474-F046-44B8-8D2E-BCE6A285FDF5}
		{0DFBC0C0-4CC9-4BC8-B43C-138003B171D0} = {DC84F474-F046-44B8-8D2E-BCE6A285FDF5}
	EndGlobalSection
	GlobalSection(ExtensibilityGlobals) = postSolution
		SolutionGuid = {180937DD-FFB7-4418-AB6D-75F451AF7623}
	EndGlobalSection
EndGlobal
